
Microsoft Visual Studio Solution File, Format Version 12.00
# Visual Studio Version 16
VisualStudioVersion = 16.0.31729.503
MinimumVisualStudioVersion = 10.0.40219.1
Project("{FAE04EC0-301F-11D3-BF4B-00C04F79EFBC}") = "SuperAPI", "SuperAPI\SuperAPI.csproj", "{BE714A09-32F1-4F82-AD7D-D1D970BE9653}"
EndProject
Global
	GlobalSection(SolutionConfigurationPlatforms) = preSolution
		Debug|Any CPU = Debug|Any CPU
		Release|Any CPU = Release|Any CPU
	EndGlobalSection
	GlobalSection(ProjectConfigurationPlatforms) = postSolution
		{BE714A09-32F1-4F82-AD7D-D1D970BE9653}.Debug|Any CPU.ActiveCfg = Debug|Any CPU
		{BE714A09-32F1-4F82-AD7D-D1D970BE9653}.Debug|Any CPU.Build.0 = Debug|Any CPU
		{BE714A09-32F1-4F82-AD7D-D1D970BE9653}.Release|Any CPU.ActiveCfg = Release|Any CPU
		{BE714A09-32F1-4F82-AD7D-D1D970BE9653}.Release|Any CPU.Build.0 = Release|Any CPU
	EndGlobalSection
	GlobalSection(SolutionProperties) = preSolution
		HideSolutionNode = FALSE
	EndGlobalSection
	GlobalSection(ExtensibilityGlobals) = postSolution
		SolutionGuid = {F0D2558A-69F5-4B2B-B202-5C475982D07E}
	EndGlobalSection
EndGlobal
